github.com/laenzlinger/hugo-kicad-site v0.0.0-20260418080904-50cc03c3a1fd h1:uJK1Z5LCdxbcVFBTGYSbiFn8vob9HMkRD6QRAn/8XJ4=
github.com/laenzlinger/hugo-kicad-site v0.0.0-20260418080904-50cc03c3a1fd/go.mod h1:Iy7P39Do7OBF99H9j7Fj42VKjkkiz8avb9PDtET1o2k=
github.com/laenzlinger/hugo-kicad-site v1.0.4-0.20260422200928-e97879580ce5 h1:Nb3Mfb3cSXL3MsTrVV2gVoljIdjTr/1yUoFPpZ70PDE=
github.com/laenzlinger/hugo-kicad-site v1.0.4-0.20260422200928-e97879580ce5/go.mod h1:Iy7P39Do7OBF99H9j7Fj42VKjkkiz8avb9PDtET1o2k=
